// !$*UTF8*$!
{
	archiveVersion = 1;
	classes = {
	};
	objectVersion = 51;
	objects = {

/* Begin PBXBuildFile section */
		098E7CFCE7C5EC15B9B49731 /* Pods_TestViewCode.framework in Frameworks */ = {isa = PBXBuildFile; fileRef = A9005D5E5777BB79B8F69C82 /* Pods_TestViewCode.framework */; };
		74DF57B70942291709EFD9D4 /* Pods_TestViewCodeTests.framework in Frameworks */ = {isa = PBXBuildFile; fileRef = 6F49F903591D2B1197B6DC7B /* Pods_TestViewCodeTests.framework */; };
		ED1CCEF32308959D00D34244 /* TestViewCodeTests.swift in Sources */ = {isa = PBXBuildFile; fileRef = ED1CCEF22308959D00D34244 /* TestViewCodeTests.swift */; };
		ED1CCEFB2308960100D34244 /* GridBoxViewSpec.swift in Sources */ = {isa = PBXBuildFile; fileRef = ED1CCEFA2308960100D34244 /* GridBoxViewSpec.swift */; };
		ED1CCEFD2308A63F00D34244 /* ViewControllerScreenSpec.swift in Sources */ = {isa = PBXBuildFile; fileRef = ED1CCEFC2308A63F00D34244 /* ViewControllerScreenSpec.swift */; };
		ED327F34230ACC530034236F /* ProfileGridSpec.swift in Sources */ = {isa = PBXBuildFile; fileRef = ED327F33230ACC530034236F /* ProfileGridSpec.swift */; };
		ED327F36230C16A40034236F /* Extensions.swift in Sources */ = {isa = PBXBuildFile; fileRef = ED327F35230C16A40034236F /* Extensions.swift */; };
		EDA0169C2364A29E0062D017 /* CustomCollectionViewController.swift in Sources */ = {isa = PBXBuildFile; fileRef = EDA0169B2364A29E0062D017 /* CustomCollectionViewController.swift */; };
		EDE49D9F23008DA2006A6EE7 /* AppDelegate.swift in Sources */ = {isa = PBXBuildFile; fileRef = EDE49D9E23008DA2006A6EE7 /* AppDelegate.swift */; };
		EDE49DA123008DA2006A6EE7 /* ViewController.swift in Sources */ = {isa = PBXBuildFile; fileRef = EDE49DA023008DA2006A6EE7 /* ViewController.swift */; };
		EDE49DA623008DA3006A6EE7 /* Assets.xcassets in Resources */ = {isa = PBXBuildFile; fileRef = EDE49DA523008DA3006A6EE7 /* Assets.xcassets */; };
		EDE49DA923008DA3006A6EE7 /* LaunchScreen.storyboard in Resources */ = {isa = PBXBuildFile; fileRef = EDE49DA723008DA3006A6EE7 /* LaunchScreen.storyboard */; };
		EDE49DB12300998F006A6EE7 /* ViewControllerScreen.swift in Sources */ = {isa = PBXBuildFile; fileRef = EDE49DB02300998F006A6EE7 /* ViewControllerScreen.swift */; };
		EDE49DB3230331A5006A6EE7 /* CodeView.swift in Sources */ = {isa = PBXBuildFile; fileRef = EDE49DB2230331A5006A6EE7 /* CodeView.swift */; };
		EDE49DBB23043678006A6EE7 /* GridBoxView.swift in Sources */ = {isa = PBXBuildFile; fileRef = EDE49DBA23043678006A6EE7 /* GridBoxView.swift */; };
		EDE953372309CD890068B69F /* ProfileGrid.swift in Sources */ = {isa = PBXBuildFile; fileRef = EDE953362309CD890068B69F /* ProfileGrid.swift */; };
/* End PBXBuildFile section */

/* Begin PBXContainerItemProxy section */
		ED1CCEF52308959D00D34244 /* PBXContainerItemProxy */ = {
			isa = PBXContainerItemProxy;
			containerPortal = EDE49D9323008DA2006A6EE7 /* Project object */;
			proxyType = 1;
			remoteGlobalIDString = EDE49D9A23008DA2006A6EE7;
			remoteInfo = TestViewCode;
		};
/* End PBXContainerItemProxy section */

/* Begin PBXFileReference section */
		40DF7CA030B080D67EA95F0C /* Pods-TestViewCode.release.xcconfig */ = {isa = PBXFileReference; includeInIndex = 1; lastKnownFileType = text.xcconfig; name = "Pods-TestViewCode.release.xcconfig"; path = "Target Support Files/Pods-TestViewCode/Pods-TestViewCode.release.xcconfig"; sourceTree = "<group>"; };
		5C953E401CC5217AB6C3641B /* Pods-TestViewCodeTests.release.xcconfig */ = {isa = PBXFileReference; includeInIndex = 1; lastKnownFileType = text.xcconfig; name = "Pods-TestViewCodeTests.release.xcconfig"; path = "Target Support Files/Pods-TestViewCodeTests/Pods-TestViewCodeTests.release.xcconfig"; sourceTree = "<group>"; };
		6551783475E71F9BEF202891 /* Pods-TestViewCodeTests.debug.xcconfig */ = {isa = PBXFileReference; includeInIndex = 1; lastKnownFileType = text.xcconfig; name = "Pods-TestViewCodeTests.debug.xcconfig"; path = "Target Support Files/Pods-TestViewCodeTests/Pods-TestViewCodeTests.debug.xcconfig"; sourceTree = "<group>"; };
		6F49F903591D2B1197B6DC7B /* Pods_TestViewCodeTests.framework */ = {isa = PBXFileReference; explicitFileType = wrapper.framework; includeInIndex = 0; path = Pods_TestViewCodeTests.framework; sourceTree = BUILT_PRODUCTS_DIR; };
		A9005D5E5777BB79B8F69C82 /* Pods_TestViewCode.framework */ = {isa = PBXFileReference; explicitFileType = wrapper.framework; includeInIndex = 0; path = Pods_TestViewCode.framework; sourceTree = BUILT_PRODUCTS_DIR; };
		CF4A56BC716D04EDC2A3979A /* Pods-TestViewCode.debug.xcconfig */ = {isa = PBXFileReference; includeInIndex = 1; lastKnownFileType = text.xcconfig; name = "Pods-TestViewCode.debug.xcconfig"; path = "Target Support Files/Pods-TestViewCode/Pods-TestViewCode.debug.xcconfig"; sourceTree = "<group>"; };
		ED1CCEF02308959D00D34244 /* TestViewCodeTests.xctest */ = {isa = PBXFileReference; explicitFileType = wrapper.cfbundle; includeInIndex = 0; path = TestViewCodeTests.xctest; sourceTree = BUILT_PRODUCTS_DIR; };
		ED1CCEF22308959D00D34244 /* TestViewCodeTests.swift */ = {isa = PBXFileReference; lastKnownFileType = sourcecode.swift; path = TestViewCodeTests.swift; sourceTree = "<group>"; };
		ED1CCEF42308959D00D34244 /* Info.plist */ = {isa = PBXFileReference; lastKnownFileType = text.plist.xml; path = Info.plist; sourceTree = "<group>"; };
		ED1CCEFA2308960100D34244 /* GridBoxViewSpec.swift */ = {isa = PBXFileReference; lastKnownFileType = sourcecode.swift; path = GridBoxViewSpec.swift; sourceTree = "<group>"; };
		ED1CCEFC2308A63F00D34244 /* ViewControllerScreenSpec.swift */ = {isa = PBXFileReference; lastKnownFileType = sourcecode.swift; path = ViewControllerScreenSpec.swift; sourceTree = "<group>"; };
		ED327F33230ACC530034236F /* ProfileGridSpec.swift */ = {isa = PBXFileReference; lastKnownFileType = sourcecode.swift; path = ProfileGridSpec.swift; sourceTree = "<group>"; };
		ED327F35230C16A40034236F /* Extensions.swift */ = {isa = PBXFileReference; lastKnownFileType = sourcecode.swift; path = Extensions.swift; sourceTree = "<group>"; };
		EDA0169B2364A29E0062D017 /* CustomCollectionViewController.swift */ = {isa = PBXFileReference; lastKnownFileType = sourcecode.swift; path = CustomCollectionViewController.swift; sourceTree = "<group>"; };
		EDE49D9B23008DA2006A6EE7 /* TestViewCode.app */ = {isa = PBXFileReference; explicitFileType = wrapper.application; includeInIndex = 0; path = TestViewCode.app; sourceTree = BUILT_PRODUCTS_DIR; };
		EDE49D9E23008DA2006A6EE7 /* AppDelegate.swift */ = {isa = PBXFileReference; lastKnownFileType = sourcecode.swift; path = AppDelegate.swift; sourceTree = "<group>"; };
		EDE49DA023008DA2006A6EE7 /* ViewController.swift */ = {isa = PBXFileReference; lastKnownFileType = sourcecode.swift; path = ViewController.swift; sourceTree = "<group>"; };
		EDE49DA523008DA3006A6EE7 /* Assets.xcassets */ = {isa = PBXFileReference; lastKnownFileType = folder.assetcatalog; path = Assets.xcassets; sourceTree = "<group>"; };
		EDE49DA823008DA3006A6EE7 /* Base */ = {isa = PBXFileReference; lastKnownFileType = file.storyboard; name = Base; path = Base.lproj/LaunchScreen.storyboard; sourceTree = "<group>"; };
		EDE49DAA23008DA3006A6EE7 /* Info.plist */ = {isa = PBXFileReference; lastKnownFileType = text.plist.xml; path = Info.plist; sourceTree = "<group>"; };
		EDE49DB02300998F006A6EE7 /* ViewControllerScreen.swift */ = {isa = PBXFileReference; lastKnownFileType = sourcecode.swift; path = ViewControllerScreen.swift; sourceTree = "<group>"; };
		EDE49DB2230331A5006A6EE7 /* CodeView.swift */ = {isa = PBXFileReference; lastKnownFileType = sourcecode.swift; path = CodeView.swift; sourceTree = "<group>"; };
		EDE49DBA23043678006A6EE7 /* GridBoxView.swift */ = {isa = PBXFileReference; lastKnownFileType = sourcecode.swift; path = GridBoxView.swift; sourceTree = "<group>"; };
		EDE953362309CD890068B69F /* ProfileGrid.swift */ = {isa = PBXFileReference; lastKnownFileType = sourcecode.swift; path = ProfileGrid.swift; sourceTree = "<group>"; };
/* End PBXFileReference section */

/* Begin PBXFrameworksBuildPhase section */
		ED1CCEED2308959D00D34244 /* Frameworks */ = {
			isa = PBXFrameworksBuildPhase;
			buildActionMask = 2147483647;
			files = (
				74DF57B70942291709EFD9D4 /* Pods_TestViewCodeTests.framework in Frameworks */,
			);
			runOnlyForDeploymentPostprocessing = 0;
		};
		EDE49D9823008DA2006A6EE7 /* Frameworks */ = {
			isa = PBXFrameworksBuildPhase;
			buildActionMask = 2147483647;
			files = (
				098E7CFCE7C5EC15B9B49731 /* Pods_TestViewCode.framework in Frameworks */,
			);
			runOnlyForDeploymentPostprocessing = 0;
		};
/* End PBXFrameworksBuildPhase section */

/* Begin PBXGroup section */
		4035EE5B924C8E7221511633 /* Frameworks */ = {
			isa = PBXGroup;
			children = (
				A9005D5E5777BB79B8F69C82 /* Pods_TestViewCode.framework */,
				6F49F903591D2B1197B6DC7B /* Pods_TestViewCodeTests.framework */,
			);
			name = Frameworks;
			sourceTree = "<group>";
		};
		67E26665B5FCC3068AA7BFAB /* Pods */ = {
			isa = PBXGroup;
			children = (
				CF4A56BC716D04EDC2A3979A /* Pods-TestViewCode.debug.xcconfig */,
				40DF7CA030B080D67EA95F0C /* Pods-TestViewCode.release.xcconfig */,
				6551783475E71F9BEF202891 /* Pods-TestViewCodeTests.debug.xcconfig */,
				5C953E401CC5217AB6C3641B /* Pods-TestViewCodeTests.release.xcconfig */,
			);
			path = Pods;
			sourceTree = "<group>";
		};
		ED1CCEF12308959D00D34244 /* TestViewCodeTests */ = {
			isa = PBXGroup;
			children = (
				ED1CCEF22308959D00D34244 /* TestViewCodeTests.swift */,
				ED1CCEF42308959D00D34244 /* Info.plist */,
				ED1CCEFA2308960100D34244 /* GridBoxViewSpec.swift */,
				ED1CCEFC2308A63F00D34244 /* ViewControllerScreenSpec.swift */,
				ED327F33230ACC530034236F /* ProfileGridSpec.swift */,
			);
			path = TestViewCodeTests;
			sourceTree = "<group>";
		};
		EDA016982364A05B0062D017 /* GridComponents */ = {
			isa = PBXGroup;
			children = (
				EDE953362309CD890068B69F /* ProfileGrid.swift */,
				EDE49DBA23043678006A6EE7 /* GridBoxView.swift */,
			);
			path = GridComponents;
			sourceTree = "<group>";
		};
		EDA016992364A0840062D017 /* Reusable */ = {
			isa = PBXGroup;
			children = (
				ED327F35230C16A40034236F /* Extensions.swift */,
				EDE49DB2230331A5006A6EE7 /* CodeView.swift */,
			);
			path = Reusable;
			sourceTree = "<group>";
		};
		EDA0169A2364A1260062D017 /* GridController */ = {
			isa = PBXGroup;
			children = (
				EDE49DB02300998F006A6EE7 /* ViewControllerScreen.swift */,
			);
			path = GridController;
			sourceTree = "<group>";
		};
		EDE49D9223008DA2006A6EE7 = {
			isa = PBXGroup;
			children = (
				EDE49D9D23008DA2006A6EE7 /* TestViewCode */,
				ED1CCEF12308959D00D34244 /* TestViewCodeTests */,
				EDE49D9C23008DA2006A6EE7 /* Products */,
				67E26665B5FCC3068AA7BFAB /* Pods */,
				4035EE5B924C8E7221511633 /* Frameworks */,
			);
			sourceTree = "<group>";
		};
		EDE49D9C23008DA2006A6EE7 /* Products */ = {
			isa = PBXGroup;
			children = (
				EDE49D9B23008DA2006A6EE7 /* TestViewCode.app */,
				ED1CCEF02308959D00D34244 /* TestViewCodeTests.xctest */,
			);
			name = Products;
			sourceTree = "<group>";
		};
		EDE49D9D23008DA2006A6EE7 /* TestViewCode */ = {
			isa = PBXGroup;
			children = (
				EDA0169A2364A1260062D017 /* GridController */,
				EDA016992364A0840062D017 /* Reusable */,
				EDA016982364A05B0062D017 /* GridComponents */,
				EDE49D9E23008DA2006A6EE7 /* AppDelegate.swift */,
				EDE49DA023008DA2006A6EE7 /* ViewController.swift */,
				EDA0169B2364A29E0062D017 /* CustomCollectionViewController.swift */,
				EDE49DA523008DA3006A6EE7 /* Assets.xcassets */,
				EDE49DA723008DA3006A6EE7 /* LaunchScreen.storyboard */,
				EDE49DAA23008DA3006A6EE7 /* Info.plist */,
			);
			path = TestViewCode;
			sourceTree = "<group>";
		};
/* End PBXGroup section */

/* Begin PBXNativeTarget section */
		ED1CCEEF2308959D00D34244 /* TestViewCodeTests */ = {
			isa = PBXNativeTarget;
			buildConfigurationList = ED1CCEF92308959D00D34244 /* Build configuration list for PBXNativeTarget "TestViewCodeTests" */;
			buildPhases = (
				85D97FC66FBBAD4A3AEA621D /* [CP] Check Pods Manifest.lock */,
				ED1CCEEC2308959D00D34244 /* Sources */,
				ED1CCEED2308959D00D34244 /* Frameworks */,
				ED1CCEEE2308959D00D34244 /* Resources */,
				900B9A662C040967DF94ED9B /* [CP] Embed Pods Frameworks */,
			);
			buildRules = (
			);
			dependencies = (
				ED1CCEF62308959D00D34244 /* PBXTargetDependency */,
			);
			name = TestViewCodeTests;
			productName = TestViewCodeTests;
			productReference = ED1CCEF02308959D00D34244 /* TestViewCodeTests.xctest */;
			productType = "com.apple.product-type.bundle.unit-test";
		};
		EDE49D9A23008DA2006A6EE7 /* TestViewCode */ = {
			isa = PBXNativeTarget;
			buildConfigurationList = EDE49DAD23008DA3006A6EE7 /* Build configuration list for PBXNativeTarget "TestViewCode" */;
			buildPhases = (
				656D4A15B23A1758302DCCB0 /* [CP] Check Pods Manifest.lock */,
				EDE49D9723008DA2006A6EE7 /* Sources */,
				EDE49D9823008DA2006A6EE7 /* Frameworks */,
				EDE49D9923008DA2006A6EE7 /* Resources */,
				F0F1F7BB29AD7198F96A08D6 /* [CP] Embed Pods Frameworks */,
			);
			buildRules = (
			);
			dependencies = (
			);
			name = TestViewCode;
			productName = TestViewCode;
			productReference = EDE49D9B23008DA2006A6EE7 /* TestViewCode.app */;
			productType = "com.apple.product-type.application";
		};
/* End PBXNativeTarget section */

/* Begin PBXProject section */
		EDE49D9323008DA2006A6EE7 /* Project object */ = {
			isa = PBXProject;
			attributes = {
				LastSwiftUpdateCheck = 1030;
				LastUpgradeCheck = 1030;
				ORGANIZATIONNAME = "Guilherme Araujo";
				TargetAttributes = {
					ED1CCEEF2308959D00D34244 = {
						CreatedOnToolsVersion = 10.3;
						TestTargetID = EDE49D9A23008DA2006A6EE7;
					};
					EDE49D9A23008DA2006A6EE7 = {
						CreatedOnToolsVersion = 10.3;
					};
				};
			};
			buildConfigurationList = EDE49D9623008DA2006A6EE7 /* Build configuration list for PBXProject "TestViewCode" */;
			compatibilityVersion = "Xcode 9.3";
			developmentRegion = en;
			hasScannedForEncodings = 0;
			knownRegions = (
				en,
				Base,
			);
			mainGroup = EDE49D9223008DA2006A6EE7;
			productRefGroup = EDE49D9C23008DA2006A6EE7 /* Products */;
			projectDirPath = "";
			projectRoot = "";
			targets = (
				EDE49D9A23008DA2006A6EE7 /* TestViewCode */,
				ED1CCEEF2308959D00D34244 /* TestViewCodeTests */,
			);
		};
/* End PBXProject section */

/* Begin PBXResourcesBuildPhase section */
		ED1CCEEE2308959D00D34244 /* Resources */ = {
			isa = PBXResourcesBuildPhase;
			buildActionMask = 2147483647;
			files = (
			);
			runOnlyForDeploymentPostprocessing = 0;
		};
		EDE49D9923008DA2006A6EE7 /* Resources */ = {
			isa = PBXResourcesBuildPhase;
			buildActionMask = 2147483647;
			files = (
				EDE49DA923008DA3006A6EE7 /* LaunchScreen.storyboard in Resources */,
				EDE49DA623008DA3006A6EE7 /* Assets.xcassets in Resources */,
			);
			runOnlyForDeploymentPostprocessing = 0;
		};
/* End PBXResourcesBuildPhase section */

/* Begin PBXShellScriptBuildPhase section */
		656D4A15B23A1758302DCCB0 /* [CP] Check Pods Manifest.lock */ = {
			isa = PBXShellScriptBuildPhase;
			buildActionMask = 2147483647;
			files = (
			);
			inputFileListPaths = (
			);
			inputPaths = (
				"${PODS_PODFILE_DIR_PATH}/Podfile.lock",
				"${PODS_ROOT}/Manifest.lock",
			);
			name = "[CP] Check Pods Manifest.lock";
			outputFileListPaths = (
			);
			outputPaths = (
				"$(DERIVED_FILE_DIR)/Pods-TestViewCode-checkManifestLockResult.txt",
			);
			runOnlyForDeploymentPostprocessing = 0;
			shellPath = /bin/sh;
			shellScript = "diff \"${PODS_PODFILE_DIR_PATH}/Podfile.lock\" \"${PODS_ROOT}/Manifest.lock\" > /dev/null\nif [ $? != 0 ] ; then\n    # print error to STDERR\n    echo \"error: The sandbox is not in sync with the Podfile.lock. Run 'pod install' or update your CocoaPods installation.\" >&2\n    exit 1\nfi\n# This output is used by Xcode 'outputs' to avoid re-running this script phase.\necho \"SUCCESS\" > \"${SCRIPT_OUTPUT_FILE_0}\"\n";
			showEnvVarsInLog = 0;
		};
		85D97FC66FBBAD4A3AEA621D /* [CP] Check Pods Manifest.lock */ = {
			isa = PBXShellScriptBuildPhase;
			buildActionMask = 2147483647;
			files = (
			);
			inputFileListPaths = (
			);
			inputPaths = (
				"${PODS_PODFILE_DIR_PATH}/Podfile.lock",
				"${PODS_ROOT}/Manifest.lock",
			);
			name = "[CP] Check Pods Manifest.lock";
			outputFileListPaths = (
			);
			outputPaths = (
				"$(DERIVED_FILE_DIR)/Pods-TestViewCodeTests-checkManifestLockResult.txt",
			);
			runOnlyForDeploymentPostprocessing = 0;
			shellPath = /bin/sh;
			shellScript = "diff \"${PODS_PODFILE_DIR_PATH}/Podfile.lock\" \"${PODS_ROOT}/Manifest.lock\" > /dev/null\nif [ $? != 0 ] ; then\n    # print error to STDERR\n    echo \"error: The sandbox is not in sync with the Podfile.lock. Run 'pod install' or update your CocoaPods installation.\" >&2\n    exit 1\nfi\n# This output is used by Xcode 'outputs' to avoid re-running this script phase.\necho \"SUCCESS\" > \"${SCRIPT_OUTPUT_FILE_0}\"\n";
			showEnvVarsInLog = 0;
		};
		900B9A662C040967DF94ED9B /* [CP] Embed Pods Frameworks */ = {
			isa = PBXShellScriptBuildPhase;
			buildActionMask = 2147483647;
			files = (
			);
			inputFileListPaths = (
				"${PODS_ROOT}/Target Support Files/Pods-TestViewCodeTests/Pods-TestViewCodeTests-frameworks-${CONFIGURATION}-input-files.xcfilelist",
			);
			name = "[CP] Embed Pods Frameworks";
			outputFileListPaths = (
				"${PODS_ROOT}/Target Support Files/Pods-TestViewCodeTests/Pods-TestViewCodeTests-frameworks-${CONFIGURATION}-output-files.xcfilelist",
			);
			runOnlyForDeploymentPostprocessing = 0;
			shellPath = /bin/sh;
			shellScript = "\"${PODS_ROOT}/Target Support Files/Pods-TestViewCodeTests/Pods-TestViewCodeTests-frameworks.sh\"\n";
			showEnvVarsInLog = 0;
		};
		F0F1F7BB29AD7198F96A08D6 /* [CP] Embed Pods Frameworks */ = {
			isa = PBXShellScriptBuildPhase;
			buildActionMask = 2147483647;
			files = (
			);
			inputFileListPaths = (
				"${PODS_ROOT}/Target Support Files/Pods-TestViewCode/Pods-TestViewCode-frameworks-${CONFIGURATION}-input-files.xcfilelist",
			);
			name = "[CP] Embed Pods Frameworks";
			outputFileListPaths = (
				"${PODS_ROOT}/Target Support Files/Pods-TestViewCode/Pods-TestViewCode-frameworks-${CONFIGURATION}-output-files.xcfilelist",
			);
			runOnlyForDeploymentPostprocessing = 0;
			shellPath = /bin/sh;
			shellScript = "\"${PODS_ROOT}/Target Support Files/Pods-TestViewCode/Pods-TestViewCode-frameworks.sh\"\n";
			showEnvVarsInLog = 0;
		};
/* End PBXShellScriptBuildPhase section */

/* Begin PBXSourcesBuildPhase section */
		ED1CCEEC2308959D00D34244 /* Sources */ = {
			isa = PBXSourcesBuildPhase;
			buildActionMask = 2147483647;
			files = (
				ED1CCEF32308959D00D34244 /* TestViewCodeTests.swift in Sources */,
				ED1CCEFD2308A63F00D34244 /* ViewControllerScreenSpec.swift in Sources */,
				ED327F34230ACC530034236F /* ProfileGridSpec.swift in Sources */,
				ED1CCEFB2308960100D34244 /* GridBoxViewSpec.swift in Sources */,
			);
			runOnlyForDeploymentPostprocessing = 0;
		};
		EDE49D9723008DA2006A6EE7 /* Sources */ = {
			isa = PBXSourcesBuildPhase;
			buildActionMask = 2147483647;
			files = (
				EDE49DBB23043678006A6EE7 /* GridBoxView.swift in Sources */,
				EDE953372309CD890068B69F /* ProfileGrid.swift in Sources */,
				EDE49DA123008DA2006A6EE7 /* ViewController.swift in Sources */,
				EDE49DB12300998F006A6EE7 /* ViewControllerScreen.swift in Sources */,
				EDE49D9F23008DA2006A6EE7 /* AppDelegate.swift in Sources */,
				EDA0169C2364A29E0062D017 /* CustomCollectionViewController.swift in Sources */,
				EDE49DB3230331A5006A6EE7 /* CodeView.swift in Sources */,
				ED327F36230C16A40034236F /* Extensions.swift in Sources */,
			);
			runOnlyForDeploymentPostprocessing = 0;
		};
/* End PBXSourcesBuildPhase section */

/* Begin PBXTargetDependency section */
		ED1CCEF62308959D00D34244 /* PBXTargetDependency */ = {
			isa = PBXTargetDependency;
			target = EDE49D9A23008DA2006A6EE7 /* TestViewCode */;
			targetProxy = ED1CCEF52308959D00D34244 /* PBXContainerItemProxy */;
		};
/* End PBXTargetDependency section */

/* Begin PBXVariantGroup section */
		EDE49DA723008DA3006A6EE7 /* LaunchScreen.storyboard */ = {
			isa = PBXVariantGroup;
			children = (
				EDE49DA823008DA3006A6EE7 /* Base */,
			);
			name = LaunchScreen.storyboard;
			sourceTree = "<group>";
		};
/* End PBXVariantGroup section */

/* Begin XCBuildConfiguration section */
		ED1CCEF72308959D00D34244 /* Debug */ = {
			isa = XCBuildConfiguration;
			baseConfigurationReference = 6551783475E71F9BEF202891 /* Pods-TestViewCodeTests.debug.xcconfig */;
			buildSettings = {
				BUNDLE_LOADER = "$(TEST_HOST)";
				CODE_SIGN_STYLE = Automatic;
				DEVELOPMENT_TEAM = 86RABURUKS;
				INFOPLIST_FILE = TestViewCodeTests/Info.plist;
				LD_RUNPATH_SEARCH_PATHS = (
					"$(inherited)",
					"@executable_path/Frameworks",
					"@loader_path/Frameworks",
				);
				PRODUCT_BUNDLE_IDENTIFIER = guimbo.TestViewCodeTests;
				PRODUCT_NAME = "$(TARGET_NAME)";
				SWIFT_VERSION = 5.0;
				TARGETED_DEVICE_FAMILY = "1,2";
				TEST_HOST = "$(BUILT_PRODUCTS_DIR)/TestViewCode.app/TestViewCode";
			};
			name = Debug;
		};
		ED1CCEF82308959D00D34244 /* Release */ = {
			isa = XCBuildConfiguration;
			baseConfigurationReference = 5C953E401CC5217AB6C3641B /* Pods-TestViewCodeTests.release.xcconfig */;
			buildSettings = {
				BUNDLE_LOADER = "$(TEST_HOST)";
				CODE_SIGN_STYLE = Automatic;
				DEVELOPMENT_TEAM = 86RABURUKS;
				INFOPLIST_FILE = TestViewCodeTests/Info.plist;
				LD_RUNPATH_SEARCH_PATHS = (
					"$(inherited)",
					"@executable_path/Frameworks",
					"@loader_path/Frameworks",
				);
				PRODUCT_BUNDLE_IDENTIFIER = guimbo.TestViewCodeTests;
				PRODUCT_NAME = "$(TARGET_NAME)";
				SWIFT_VERSION = 5.0;
				TARGETED_DEVICE_FAMILY = "1,2";
				TEST_HOST = "$(BUILT_PRODUCTS_DIR)/TestViewCode.app/TestViewCode";
			};
			name = Release;
		};
		EDE49DAB23008DA3006A6EE7 /* Debug */ = {
			isa = XCBuildConfiguration;
			buildSettings = {
				ALWAYS_SEARCH_USER_PATHS = NO;
				CLANG_ANALYZER_NONNULL = YES;
				CLANG_ANALYZER_NUMBER_OBJECT_CONVERSION = YES_AGGRESSIVE;
				CLANG_CXX_LANGUAGE_STANDARD = "gnu++14";
				CLANG_CXX_LIBRARY = "libc++";
				CLANG_ENABLE_MODULES = YES;
				CLANG_ENABLE_OBJC_ARC = YES;
				CLANG_ENABLE_OBJC_WEAK = YES;
				CLANG_WARN_BLOCK_CAPTURE_AUTORELEASING = YES;
				CLANG_WARN_BOOL_CONVERSION = YES;
				CLANG_WARN_COMMA = YES;
				CLANG_WARN_CONSTANT_CONVERSION = YES;
				CLANG_WARN_DEPRECATED_OBJC_IMPLEMENTATIONS = YES;
				CLANG_WARN_DIRECT_OBJC_ISA_USAGE = YES_ERROR;
				CLANG_WARN_DOCUMENTATION_COMMENTS = YES;
				CLANG_WARN_EMPTY_BODY = YES;
				CLANG_WARN_ENUM_CONVERSION = YES;
				CLANG_WARN_INFINITE_RECURSION = YES;
				CLANG_WARN_INT_CONVERSION = YES;
				CLANG_WARN_NON_LITERAL_NULL_CONVERSION = YES;
				CLANG_WARN_OBJC_IMPLICIT_RETAIN_SELF = YES;
				CLANG_WARN_OBJC_LITERAL_CONVERSION = YES;
				CLANG_WARN_OBJC_ROOT_CLASS = YES_ERROR;
				CLANG_WARN_RANGE_LOOP_ANALYSIS = YES;
				CLANG_WARN_STRICT_PROTOTYPES = YES;
				CLANG_WARN_SUSPICIOUS_MOVE = YES;
				CLANG_WARN_UNGUARDED_AVAILABILITY = YES_AGGRESSIVE;
				CLANG_WARN_UNREACHABLE_CODE = YES;
				CLANG_WARN__DUPLICATE_METHOD_MATCH = YES;
				CODE_SIGN_IDENTITY = "iPhone Developer";
				COPY_PHASE_STRIP = NO;
				DEBUG_INFORMATION_FORMAT = dwarf;
				ENABLE_STRICT_OBJC_MSGSEND = YES;
				ENABLE_TESTABILITY = YES;
				GCC_C_LANGUAGE_STANDARD = gnu11;
				GCC_DYNAMIC_NO_PIC = NO;
				GCC_NO_COMMON_BLOCKS = YES;
				GCC_OPTIMIZATION_LEVEL = 0;
				GCC_PREPROCESSOR_DEFINITIONS = (
					"DEBUG=1",
					"$(inherited)",
				);
				GCC_WARN_64_TO_32_BIT_CONVERSION = YES;
				GCC_WARN_ABOUT_RETURN_TYPE = YES_ERROR;
				GCC_WARN_UNDECLARED_SELECTOR = YES;
				GCC_WARN_UNINITIALIZED_AUTOS = YES_AGGRESSIVE;
				GCC_WARN_UNUSED_FUNCTION = YES;
				GCC_WARN_UNUSED_VARIABLE = YES;
				IPHONEOS_DEPLOYMENT_TARGET = 12.4;
				MTL_ENABLE_DEBUG_INFO = INCLUDE_SOURCE;
				MTL_FAST_MATH = YES;
				ONLY_ACTIVE_ARCH = YES;
				SDKROOT = iphoneos;
				SWIFT_ACTIVE_COMPILATION_CONDITIONS = DEBUG;
				SWIFT_OPTIMIZATION_LEVEL = "-Onone";
			};
			name = Debug;
		};
		EDE49DAC23008DA3006A6EE7 /* Release */ = {
			isa = XCBuildConfiguration;
			buildSettings = {
				ALWAYS_SEARCH_USER_PATHS = NO;
				CLANG_ANALYZER_NONNULL = YES;
				CLANG_ANALYZER_NUMBER_OBJECT_CONVERSION = YES_AGGRESSIVE;
				CLANG_CXX_LANGUAGE_STANDARD = "gnu++14";
				CLANG_CXX_LIBRARY = "libc++";
				CLANG_ENABLE_MODULES = YES;
				CLANG_ENABLE_OBJC_ARC = YES;
				CLANG_ENABLE_OBJC_WEAK = YES;
				CLANG_WARN_BLOCK_CAPTURE_AUTORELEASING = YES;
				CLANG_WARN_BOOL_CONVERSION = YES;
				CLANG_WARN_COMMA = YES;
				CLANG_WARN_CONSTANT_CONVERSION = YES;
				CLANG_WARN_DEPRECATED_OBJC_IMPLEMENTATIONS = YES;
				CLANG_WARN_DIRECT_OBJC_ISA_USAGE = YES_ERROR;
				CLANG_WARN_DOCUMENTATION_COMMENTS = YES;
				CLANG_WARN_EMPTY_BODY = YES;
				CLANG_WARN_ENUM_CONVERSION = YES;
				CLANG_WARN_INFINITE_RECURSION = YES;
				CLANG_WARN_INT_CONVERSION = YES;
				CLANG_WARN_NON_LITERAL_NULL_CONVERSION = YES;
				CLANG_WARN_OBJC_IMPLICIT_RETAIN_SELF = YES;
				CLANG_WARN_OBJC_LITERAL_CONVERSION = YES;
				CLANG_WARN_OBJC_ROOT_CLASS = YES_ERROR;
				CLANG_WARN_RANGE_LOOP_ANALYSIS = YES;
				CLANG_WARN_STRICT_PROTOTYPES = YES;
				CLANG_WARN_SUSPICIOUS_MOVE = YES;
				CLANG_WARN_UNGUARDED_AVAILABILITY = YES_AGGRESSIVE;
				CLANG_WARN_UNREACHABLE_CODE = YES;
				CLANG_WARN__DUPLICATE_METHOD_MATCH = YES;
				CODE_SIGN_IDENTITY = "iPhone Developer";
				COPY_PHASE_STRIP = NO;
				DEBUG_INFORMATION_FORMAT = "dwarf-with-dsym";
				ENABLE_NS_ASSERTIONS = NO;
				ENABLE_STRICT_OBJC_MSGSEND = YES;
				GCC_C_LANGUAGE_STANDARD = gnu11;
				GCC_NO_COMMON_BLOCKS = YES;
				GCC_WARN_64_TO_32_BIT_CONVERSION = YES;
				GCC_WARN_ABOUT_RETURN_TYPE = YES_ERROR;
				GCC_WARN_UNDECLARED_SELECTOR = YES;
				GCC_WARN_UNINITIALIZED_AUTOS = YES_AGGRESSIVE;
				GCC_WARN_UNUSED_FUNCTION = YES;
				GCC_WARN_UNUSED_VARIABLE = YES;
				IPHONEOS_DEPLOYMENT_TARGET = 12.4;
				MTL_ENABLE_DEBUG_INFO = NO;
				MTL_FAST_MATH = YES;
				SDKROOT = iphoneos;
				SWIFT_COMPILATION_MODE = wholemodule;
				SWIFT_OPTIMIZATION_LEVEL = "-O";
				VALIDATE_PRODUCT = YES;
			};
			name = Release;
		};
		EDE49DAE23008DA3006A6EE7 /* Debug */ = {
			isa = XCBuildConfiguration;
			baseConfigurationReference = CF4A56BC716D04EDC2A3979A /* Pods-TestViewCode.debug.xcconfig */;
			buildSettings = {
				ASSETCATALOG_COMPILER_APPICON_NAME = AppIcon;
				CODE_SIGN_STYLE = Automatic;
				DEVELOPMENT_TEAM = 86RABURUKS;
				INFOPLIST_FILE = TestViewCode/Info.plist;
				LD_RUNPATH_SEARCH_PATHS = (
					"$(inherited)",
					"@executable_path/Frameworks",
				);
				PRODUCT_BUNDLE_IDENTIFIER = guimbo.TestViewCode;
				PRODUCT_NAME = "$(TARGET_NAME)";
				SWIFT_VERSION = 5.0;
				TARGETED_DEVICE_FAMILY = "1,2";
			};
			name = Debug;
		};
		EDE49DAF23008DA3006A6EE7 /* Release */ = {
			isa = XCBuildConfiguration;
			baseConfigurationReference = 40DF7CA030B080D67EA95F0C /* Pods-TestViewCode.release.xcconfig */;
			buildSettings = {
				ASSETCATALOG_COMPILER_APPICON_NAME = AppIcon;
				CODE_SIGN_STYLE = Automatic;
				DEVELOPMENT_TEAM = 86RABURUKS;
				INFOPLIST_FILE = TestViewCode/Info.plist;
				LD_RUNPATH_SEARCH_PATHS = (
					"$(inherited)",
					"@executable_path/Frameworks",
				);
				PRODUCT_BUNDLE_IDENTIFIER = guimbo.TestViewCode;
				PRODUCT_NAME = "$(TARGET_NAME)";
				SWIFT_VERSION = 5.0;
				TARGETED_DEVICE_FAMILY = "1,2";
			};
			name = Release;
		};
/* End XCBuildConfiguration section */

/* Begin XCConfigurationList section */
		ED1CCEF92308959D00D34244 /* Build configuration list for PBXNativeTarget "TestViewCodeTests" */ = {
			isa = XCConfigurationList;
			buildConfigurations = (
				ED1CCEF72308959D00D34244 /* Debug */,
				ED1CCEF82308959D00D34244 /* Release */,
			);
			defaultConfigurationIsVisible = 0;
			defaultConfigurationName = Release;
		};
		EDE49D9623008DA2006A6EE7 /* Build configuration list for PBXProject "TestViewCode" */ = {
			isa = XCConfigurationList;
			buildConfigurations = (
				EDE49DAB23008DA3006A6EE7 /* Debug */,
				EDE49DAC23008DA3006A6EE7 /* Release */,
			);
			defaultConfigurationIsVisible = 0;
			defaultConfigurationName = Release;
		};
		EDE49DAD23008DA3006A6EE7 /* Build configuration list for PBXNativeTarget "TestViewCode" */ = {
			isa = XCConfigurationList;
			buildConfigurations = (
				EDE49DAE23008DA3006A6EE7 /* Debug */,
				EDE49DAF23008DA3006A6EE7 /* Release */,
			);
			defaultConfigurationIsVisible = 0;
			defaultConfigurationName = Release;
		};
/* End XCConfigurationList section */
	};
	rootObject = EDE49D9323008DA2006A6EE7 /* Project object */;
}
